// !$*UTF8*$!
{
	archiveVersion = 1;
	classes = {
	};
	objectVersion = 56;
	objects = {

/* Begin PBXBuildFile section */
		E62AB1022C232BCF006F6FA2 /* AddView.swift in Sources */ = {isa = PBXBuildFile; fileRef = E62AB1012C232BCF006F6FA2 /* AddView.swift */; };
		E674BE352C21CA5600DD23F6 /* NewApp2App.swift in Sources */ = {isa = PBXBuildFile; fileRef = E674BE342C21CA5600DD23F6 /* NewApp2App.swift */; };
		E674BE372C21CA5600DD23F6 /* ContentView.swift in Sources */ = {isa = PBXBuildFile; fileRef = E674BE362C21CA5600DD23F6 /* ContentView.swift */; };
		E674BE392C21CA5700DD23F6 /* Assets.xcassets in Resources */ = {isa = PBXBuildFile; fileRef = E674BE382C21CA5700DD23F6 /* Assets.xcassets */; };
		E674BE3C2C21CA5700DD23F6 /* Preview Assets.xcassets in Resources */ = {isa = PBXBuildFile; fileRef = E674BE3B2C21CA5700DD23F6 /* Preview Assets.xcassets */; };
		E674BE462C21CA5700DD23F6 /* NewApp2Tests.swift in Sources */ = {isa = PBXBuildFile; fileRef = E674BE452C21CA5700DD23F6 /* NewApp2Tests.swift */; };
		E674BE502C21CA5700DD23F6 /* NewApp2UITests.swift in Sources */ = {isa = PBXBuildFile; fileRef = E674BE4F2C21CA5700DD23F6 /* NewApp2UITests.swift */; };
		E674BE522C21CA5700DD23F6 /* NewApp2UITestsLaunchTests.swift in Sources */ = {isa = PBXBuildFile; fileRef = E674BE512C21CA5700DD23F6 /* NewApp2UITestsLaunchTests.swift */; };
/* End PBXBuildFile section */

/* Begin PBXContainerItemProxy section */
		E674BE422C21CA5700DD23F6 /* PBXContainerItemProxy */ = {
			isa = PBXContainerItemProxy;
			containerPortal = E674BE292C21CA5500DD23F6 /* Project object */;
			proxyType = 1;
			remoteGlobalIDString = E674BE302C21CA5500DD23F6;
			remoteInfo = NewApp2;
		};
		E674BE4C2C21CA5700DD23F6 /* PBXContainerItemProxy */ = {
			isa = PBXContainerItemProxy;
			containerPortal = E674BE292C21CA5500DD23F6 /* Project object */;
			proxyType = 1;
			remoteGlobalIDString = E674BE302C21CA5500DD23F6;
			remoteInfo = NewApp2;
		};
/* End PBXContainerItemProxy section */

/* Begin PBXFileReference section */
		E62AB1012C232BCF006F6FA2 /* AddView.swift */ = {isa = PBXFileReference; lastKnownFileType = sourcecode.swift; path = AddView.swift; sourceTree = "<group>"; };
		E674BE312C21CA5600DD23F6 /* NewApp2.app */ = {isa = PBXFileReference; explicitFileType = wrapper.application; includeInIndex = 0; path = NewApp2.app; sourceTree = BUILT_PRODUCTS_DIR; };
		E674BE342C21CA5600DD23F6 /* NewApp2App.swift */ = {isa = PBXFileReference; lastKnownFileType = sourcecode.swift; path = NewApp2App.swift; sourceTree = "<group>"; };
		E674BE362C21CA5600DD23F6 /* ContentView.swift */ = {isa = PBXFileReference; lastKnownFileType = sourcecode.swift; path = ContentView.swift; sourceTree = "<group>"; };
		E674BE382C21CA5700DD23F6 /* Assets.xcassets */ = {isa = PBXFileReference; lastKnownFileType = folder.assetcatalog; path = Assets.xcassets; sourceTree = "<group>"; };
		E674BE3B2C21CA5700DD23F6 /* Preview Assets.xcassets */ = {isa = PBXFileReference; lastKnownFileType = folder.assetcatalog; path = "Preview Assets.xcassets"; sourceTree = "<group>"; };
		E674BE412C21CA5700DD23F6 /* NewApp2Tests.xctest */ = {isa = PBXFileReference; explicitFileType = wrapper.cfbundle; includeInIndex = 0; path = NewApp2Tests.xctest; sourceTree = BUILT_PRODUCTS_DIR; };
		E674BE452C21CA5700DD23F6 /* NewApp2Tests.swift */ = {isa = PBXFileReference; lastKnownFileType = sourcecode.swift; path = NewApp2Tests.swift; sourceTree = "<group>"; };
		E674BE4B2C21CA5700DD23F6 /* NewApp2UITests.xctest */ = {isa = PBXFileReference; explicitFileType = wrapper.cfbundle; includeInIndex = 0; path = NewApp2UITests.xctest; sourceTree = BUILT_PRODUCTS_DIR; };
		E674BE4F2C21CA5700DD23F6 /* NewApp2UITests.swift */ = {isa = PBXFileReference; lastKnownFileType = sourcecode.swift; path = NewApp2UITests.swift; sourceTree = "<group>"; };
		E674BE512C21CA5700DD23F6 /* NewApp2UITestsLaunchTests.swift */ = {isa = PBXFileReference; lastKnownFileType = sourcecode.swift; path = NewApp2UITestsLaunchTests.swift; sourceTree = "<group>"; };
/* End PBXFileReference section */

/* Begin PBXFrameworksBuildPhase section */
		E674BE2E2C21CA5500DD23F6 /* Frameworks */ = {
			isa = PBXFrameworksBuildPhase;
			buildActionMask = 2147483647;
			files = (
			);
			runOnlyForDeploymentPostprocessing = 0;
		};
		E674BE3E2C21CA5700DD23F6 /* Frameworks */ = {
			isa = PBXFrameworksBuildPhase;
			buildActionMask = 2147483647;
			files = (
			);
			runOnlyForDeploymentPostprocessing = 0;
		};
		E674BE482C21CA5700DD23F6 /* Frameworks */ = {
			isa = PBXFrameworksBuildPhase;
			buildActionMask = 2147483647;
			files = (
			);
			runOnlyForDeploymentPostprocessing = 0;
		};
/* End PBXFrameworksBuildPhase section */

/* Begin PBXGroup section */
		E674BE282C21CA5500DD23F6 = {
			isa = PBXGroup;
			children = (
				E674BE332C21CA5600DD23F6 /* NewApp2 */,
				E674BE442C21CA5700DD23F6 /* NewApp2Tests */,
				E674BE4E2C21CA5700DD23F6 /* NewApp2UITests */,
				E674BE322C21CA5600DD23F6 /* Products */,
			);
			sourceTree = "<group>";
		};
		E674BE322C21CA5600DD23F6 /* Products */ = {
			isa = PBXGroup;
			children = (
				E674BE312C21CA5600DD23F6 /* NewApp2.app */,
				E674BE412C21CA5700DD23F6 /* NewApp2Tests.xctest */,
				E674BE4B2C21CA5700DD23F6 /* NewApp2UITests.xctest */,
			);
			name = Products;
			sourceTree = "<group>";
		};
		E674BE332C21CA5600DD23F6 /* NewApp2 */ = {
			isa = PBXGroup;
			children = (
				E674BE342C21CA5600DD23F6 /* NewApp2App.swift */,
				E674BE362C21CA5600DD23F6 /* ContentView.swift */,
				E62AB1012C232BCF006F6FA2 /* AddView.swift */,
				E674BE382C21CA5700DD23F6 /* Assets.xcassets */,
				E674BE3A2C21CA5700DD23F6 /* Preview Content */,
			);
			path = NewApp2;
			sourceTree = "<group>";
		};
		E674BE3A2C21CA5700DD23F6 /* Preview Content */ = {
			isa = PBXGroup;
			children = (
				E674BE3B2C21CA5700DD23F6 /* Preview Assets.xcassets */,
			);
			path = "Preview Content";
			sourceTree = "<group>";
		};
		E674BE442C21CA5700DD23F6 /* NewApp2Tests */ = {
			isa = PBXGroup;
			children = (
				E674BE452C21CA5700DD23F6 /* NewApp2Tests.swift */,
			);
			path = NewApp2Tests;
			sourceTree = "<group>";
		};
		E674BE4E2C21CA5700DD23F6 /* NewApp2UITests */ = {
			isa = PBXGroup;
			children = (
				E674BE4F2C21CA5700DD23F6 /* NewApp2UITests.swift */,
				E674BE512C21CA5700DD23F6 /* NewApp2UITestsLaunchTests.swift */,
			);
			path = NewApp2UITests;
			sourceTree = "<group>";
		};
/* End PBXGroup section */

/* Begin PBXNativeTarget section */
		E674BE302C21CA5500DD23F6 /* NewApp2 */ = {
			isa = PBXNativeTarget;
			buildConfigurationList = E674BE552C21CA5700DD23F6 /* Build configuration list for PBXNativeTarget "NewApp2" */;
			buildPhases = (
				E674BE2D2C21CA5500DD23F6 /* Sources */,
				E674BE2E2C21CA5500DD23F6 /* Frameworks */,
				E674BE2F2C21CA5500DD23F6 /* Resources */,
			);
			buildRules = (
			);
			dependencies = (
			);
			name = NewApp2;
			productName = NewApp2;
			productReference = E674BE312C21CA5600DD23F6 /* NewApp2.app */;
			productType = "com.apple.product-type.application";
		};
		E674BE402C21CA5700DD23F6 /* NewApp2Tests */ = {
			isa = PBXNativeTarget;
			buildConfigurationList = E674BE582C21CA5700DD23F6 /* Build configuration list for PBXNativeTarget "NewApp2Tests" */;
			buildPhases = (
				E674BE3D2C21CA5700DD23F6 /* Sources */,
				E674BE3E2C21CA5700DD23F6 /* Frameworks */,
				E674BE3F2C21CA5700DD23F6 /* Resources */,
			);
			buildRules = (
			);
			dependencies = (
				E674BE432C21CA5700DD23F6 /* PBXTargetDependency */,
			);
			name = NewApp2Tests;
			productName = NewApp2Tests;
			productReference = E674BE412C21CA5700DD23F6 /* NewApp2Tests.xctest */;
			productType = "com.apple.product-type.bundle.unit-test";
		};
		E674BE4A2C21CA5700DD23F6 /* NewApp2UITests */ = {
			isa = PBXNativeTarget;
			buildConfigurationList = E674BE5B2C21CA5700DD23F6 /* Build configuration list for PBXNativeTarget "NewApp2UITests" */;
			buildPhases = (
				E674BE472C21CA5700DD23F6 /* Sources */,
				E674BE482C21CA5700DD23F6 /* Frameworks */,
				E674BE492C21CA5700DD23F6 /* Resources */,
			);
			buildRules = (
			);
			dependencies = (
				E674BE4D2C21CA5700DD23F6 /* PBXTargetDependency */,
			);
			name = NewApp2UITests;
			productName = NewApp2UITests;
			productReference = E674BE4B2C21CA5700DD23F6 /* NewApp2UITests.xctest */;
			productType = "com.apple.product-type.bundle.ui-testing";
		};
/* End PBXNativeTarget section */

/* Begin PBXProject section */
		E674BE292C21CA5500DD23F6 /* Project object */ = {
			isa = PBXProject;
			attributes = {
				BuildIndependentTargetsInParallel = 1;
				LastSwiftUpdateCheck = 1540;
				LastUpgradeCheck = 1540;
				TargetAttributes = {
					E674BE302C21CA5500DD23F6 = {
						CreatedOnToolsVersion = 15.4;
					};
					E674BE402C21CA5700DD23F6 = {
						CreatedOnToolsVersion = 15.4;
						TestTargetID = E674BE302C21CA5500DD23F6;
					};
					E674BE4A2C21CA5700DD23F6 = {
						CreatedOnToolsVersion = 15.4;
						TestTargetID = E674BE302C21CA5500DD23F6;
					};
				};
			};
			buildConfigurationList = E674BE2C2C21CA5500DD23F6 /* Build configuration list for PBXProject "NewApp2" */;
			compatibilityVersion = "Xcode 14.0";
			developmentRegion = en;
			hasScannedForEncodings = 0;
			knownRegions = (
				en,
				Base,
			);
			mainGroup = E674BE282C21CA5500DD23F6;
			productRefGroup = E674BE322C21CA5600DD23F6 /* Products */;
			projectDirPath = "";
			projectRoot = "";
			targets = (
				E674BE302C21CA5500DD23F6 /* NewApp2 */,
				E674BE402C21CA5700DD23F6 /* NewApp2Tests */,
				E674BE4A2C21CA5700DD23F6 /* NewApp2UITests */,
			);
		};
/* End PBXProject section */

/* Begin PBXResourcesBuildPhase section */
		E674BE2F2C21CA5500DD23F6 /* Resources */ = {
			isa = PBXResourcesBuildPhase;
			buildActionMask = 2147483647;
			files = (
				E674BE3C2C21CA5700DD23F6 /* Preview Assets.xcassets in Resources */,
				E674BE392C21CA5700DD23F6 /* Assets.xcassets in Resources */,
			);
			runOnlyForDeploymentPostprocessing = 0;
		};
		E674BE3F2C21CA5700DD23F6 /* Resources */ = {
			isa = PBXResourcesBuildPhase;
			buildActionMask = 2147483647;
			files = (
			);
			runOnlyForDeploymentPostprocessing = 0;
		};
		E674BE492C21CA5700DD23F6 /* Resources */ = {
			isa = PBXResourcesBuildPhase;
			buildActionMask = 2147483647;
			files = (
			);
			runOnlyForDeploymentPostprocessing = 0;
		};
/* End PBXResourcesBuildPhase section */

/* Begin PBXSourcesBuildPhase section */
		E674BE2D2C21CA5500DD23F6 /* Sources */ = {
			isa = PBXSourcesBuildPhase;
			buildActionMask = 2147483647;
			files = (
				E674BE372C21CA5600DD23F6 /* ContentView.swift in Sources */,
				E674BE352C21CA5600DD23F6 /* NewApp2App.swift in Sources */,
				E62AB1022C232BCF006F6FA2 /* AddView.swift in Sources */,
			);
			runOnlyForDeploymentPostprocessing = 0;
		};
		E674BE3D2C21CA5700DD23F6 /* Sources */ = {
			isa = PBXSourcesBuildPhase;
			buildActionMask = 2147483647;
			files = (
				E674BE462C21CA5700DD23F6 /* NewApp2Tests.swift in Sources */,
			);
			runOnlyForDeploymentPostprocessing = 0;
		};
		E674BE472C21CA5700DD23F6 /* Sources */ = {
			isa = PBXSourcesBuildPhase;
			buildActionMask = 2147483647;
			files = (
				E674BE522C21CA5700DD23F6 /* NewApp2UITestsLaunchTests.swift in Sources */,
				E674BE502C21CA5700DD23F6 /* NewApp2UITests.swift in Sources */,
			);
			runOnlyForDeploymentPostprocessing = 0;
		};
/* End PBXSourcesBuildPhase section */

/* Begin PBXTargetDependency section */
		E674BE432C21CA5700DD23F6 /* PBXTargetDependency */ = {
			isa = PBXTargetDependency;
			target = E674BE302C21CA5500DD23F6 /* NewApp2 */;
			targetProxy = E674BE422C21CA5700DD23F6 /* PBXContainerItemProxy */;
		};
		E674BE4D2C21CA5700DD23F6 /* PBXTargetDependency */ = {
			isa = PBXTargetDependency;
			target = E674BE302C21CA5500DD23F6 /* NewApp2 */;
			targetProxy = E674BE4C2C21CA5700DD23F6 /* PBXContainerItemProxy */;
		};
/* End PBXTargetDependency section */

/* Begin XCBuildConfiguration section */
		E674BE532C21CA5700DD23F6 /* Debug */ = {
			isa = XCBuildConfiguration;
			buildSettings = {
				ALWAYS_SEARCH_USER_PATHS = NO;
				ASSETCATALOG_COMPILER_GENERATE_SWIFT_ASSET_SYMBOL_EXTENSIONS = YES;
				CLANG_ANALYZER_NONNULL = YES;
				CLANG_ANALYZER_NUMBER_OBJECT_CONVERSION = YES_AGGRESSIVE;
				CLANG_CXX_LANGUAGE_STANDARD = "gnu++20";
				CLANG_ENABLE_MODULES = YES;
				CLANG_ENABLE_OBJC_ARC = YES;
				CLANG_ENABLE_OBJC_WEAK = YES;
				CLANG_WARN_BLOCK_CAPTURE_AUTORELEASING = YES;
				CLANG_WARN_BOOL_CONVERSION = YES;
				CLANG_WARN_COMMA = YES;
				CLANG_WARN_CONSTANT_CONVERSION = YES;
				CLANG_WARN_DEPRECATED_OBJC_IMPLEMENTATIONS = YES;
				CLANG_WARN_DIRECT_OBJC_ISA_USAGE = YES_ERROR;
				CLANG_WARN_DOCUMENTATION_COMMENTS = YES;
				CLANG_WARN_EMPTY_BODY = YES;
				CLANG_WARN_ENUM_CONVERSION = YES;
				CLANG_WARN_INFINITE_RECURSION = YES;
				CLANG_WARN_INT_CONVERSION = YES;
				CLANG_WARN_NON_LITERAL_NULL_CONVERSION = YES;
				CLANG_WARN_OBJC_IMPLICIT_RETAIN_SELF = YES;
				CLANG_WARN_OBJC_LITERAL_CONVERSION = YES;
				CLANG_WARN_OBJC_ROOT_CLASS = YES_ERROR;
				CLANG_WARN_QUOTED_INCLUDE_IN_FRAMEWORK_HEADER = YES;
				CLANG_WARN_RANGE_LOOP_ANALYSIS = YES;
				CLANG_WARN_STRICT_PROTOTYPES = YES;
				CLANG_WARN_SUSPICIOUS_MOVE = YES;
				CLANG_WARN_UNGUARDED_AVAILABILITY = YES_AGGRESSIVE;
				CLANG_WARN_UNREACHABLE_CODE = YES;
				CLANG_WARN__DUPLICATE_METHOD_MATCH = YES;
				COPY_PHASE_STRIP = NO;
				DEBUG_INFORMATION_FORMAT = dwarf;
				ENABLE_STRICT_OBJC_MSGSEND = YES;
				ENABLE_TESTABILITY = YES;
				ENABLE_USER_SCRIPT_SANDBOXING = YES;
				GCC_C_LANGUAGE_STANDARD = gnu17;
				GCC_DYNAMIC_NO_PIC = NO;
				GCC_NO_COMMON_BLOCKS = YES;
				GCC_OPTIMIZATION_LEVEL = 0;
				GCC_PREPROCESSOR_DEFINITIONS = (
					"DEBUG=1",
					"$(inherited)",
				);
				GCC_WARN_64_TO_32_BIT_CONVERSION = YES;
				GCC_WARN_ABOUT_RETURN_TYPE = YES_ERROR;
				GCC_WARN_UNDECLARED_SELECTOR = YES;
				GCC_WARN_UNINITIALIZED_AUTOS = YES_AGGRESSIVE;
				GCC_WARN_UNUSED_FUNCTION = YES;
				GCC_WARN_UNUSED_VARIABLE = YES;
				IPHONEOS_DEPLOYMENT_TARGET = 17.5;
				LOCALIZATION_PREFERS_STRING_CATALOGS = YES;
				MTL_ENABLE_DEBUG_INFO = INCLUDE_SOURCE;
				MTL_FAST_MATH = YES;
				ONLY_ACTIVE_ARCH = YES;
				SDKROOT = iphoneos;
				SWIFT_ACTIVE_COMPILATION_CONDITIONS = "DEBUG $(inherited)";
				SWIFT_OPTIMIZATION_LEVEL = "-Onone";
			};
			name = Debug;
		};
		E674BE542C21CA5700DD23F6 /* Release */ = {
			isa = XCBuildConfiguration;
			buildSettings = {
				ALWAYS_SEARCH_USER_PATHS = NO;
				ASSETCATALOG_COMPILER_GENERATE_SWIFT_ASSET_SYMBOL_EXTENSIONS = YES;
				CLANG_ANALYZER_NONNULL = YES;
				CLANG_ANALYZER_NUMBER_OBJECT_CONVERSION = YES_AGGRESSIVE;
				CLANG_CXX_LANGUAGE_STANDARD = "gnu++20";
				CLANG_ENABLE_MODULES = YES;
				CLANG_ENABLE_OBJC_ARC = YES;
				CLANG_ENABLE_OBJC_WEAK = YES;
				CLANG_WARN_BLOCK_CAPTURE_AUTORELEASING = YES;
				CLANG_WARN_BOOL_CONVERSION = YES;
				CLANG_WARN_COMMA = YES;
				CLANG_WARN_CONSTANT_CONVERSION = YES;
				CLANG_WARN_DEPRECATED_OBJC_IMPLEMENTATIONS = YES;
				CLANG_WARN_DIRECT_OBJC_ISA_USAGE = YES_ERROR;
				CLANG_WARN_DOCUMENTATION_COMMENTS = YES;
				CLANG_WARN_EMPTY_BODY = YES;
				CLANG_WARN_ENUM_CONVERSION = YES;
				CLANG_WARN_INFINITE_RECURSION = YES;
				CLANG_WARN_INT_CONVERSION = YES;
				CLANG_WARN_NON_LITERAL_NULL_CONVERSION = YES;
				CLANG_WARN_OBJC_IMPLICIT_RETAIN_SELF = YES;
				CLANG_WARN_OBJC_LITERAL_CONVERSION = YES;
				CLANG_WARN_OBJC_ROOT_CLASS = YES_ERROR;
				CLANG_WARN_QUOTED_INCLUDE_IN_FRAMEWORK_HEADER = YES;
				CLANG_WARN_RANGE_LOOP_ANALYSIS = YES;
				CLANG_WARN_STRICT_PROTOTYPES = YES;
				CLANG_WARN_SUSPICIOUS_MOVE = YES;
				CLANG_WARN_UNGUARDED_AVAILABILITY = YES_AGGRESSIVE;
				CLANG_WARN_UNREACHABLE_CODE = YES;
				CLANG_WARN__DUPLICATE_METHOD_MATCH = YES;
				COPY_PHASE_STRIP = NO;
				DEBUG_INFORMATION_FORMAT = "dwarf-with-dsym";
				ENABLE_NS_ASSERTIONS = NO;
				ENABLE_STRICT_OBJC_MSGSEND = YES;
				ENABLE_USER_SCRIPT_SANDBOXING = YES;
				GCC_C_LANGUAGE_STANDARD = gnu17;
				GCC_NO_COMMON_BLOCKS = YES;
				GCC_WARN_64_TO_32_BIT_CONVERSION = YES;
				GCC_WARN_ABOUT_RETURN_TYPE = YES_ERROR;
				GCC_WARN_UNDECLARED_SELECTOR = YES;
				GCC_WARN_UNINITIALIZED_AUTOS = YES_AGGRESSIVE;
				GCC_WARN_UNUSED_FUNCTION = YES;
				GCC_WARN_UNUSED_VARIABLE = YES;
				IPHONEOS_DEPLOYMENT_TARGET = 17.5;
				LOCALIZATION_PREFERS_STRING_CATALOGS = YES;
				MTL_ENABLE_DEBUG_INFO = NO;
				MTL_FAST_MATH = YES;
				SDKROOT = iphoneos;
				SWIFT_COMPILATION_MODE = wholemodule;
				VALIDATE_PRODUCT = YES;
			};
			name = Release;
		};
		E674BE562C21CA5700DD23F6 /* Debug */ = {
			isa = XCBuildConfiguration;
			buildSettings = {
				ASSETCATALOG_COMPILER_APPICON_NAME = AppIcon;
				ASSETCATALOG_COMPILER_GLOBAL_ACCENT_COLOR_NAME = AccentColor;
				CODE_SIGN_STYLE = Automatic;
				CURRENT_PROJECT_VERSION = 1;
				DEVELOPMENT_ASSET_PATHS = "\"NewApp2/Preview Content\"";
				ENABLE_PREVIEWS = YES;
				GENERATE_INFOPLIST_FILE = YES;
				INFOPLIST_KEY_UIApplicationSceneManifest_Generation = YES;
				INFOPLIST_KEY_UIApplicationSupportsIndirectInputEvents = YES;
				INFOPLIST_KEY_UILaunchScreen_Generation = YES;
				INFOPLIST_KEY_UISupportedInterfaceOrientations_iPad = "UIInterfaceOrientationPortrait UIInterfaceOrientationPortraitUpsideDown UIInterfaceOrientationLandscapeLeft UIInterfaceOrientationLandscapeRight";
				INFOPLIST_KEY_UISupportedInterfaceOrientations_iPhone = "UIInterfaceOrientationPortrait UIInterfaceOrientationLandscapeLeft UIInterfaceOrientationLandscapeRight";
				LD_RUNPATH_SEARCH_PATHS = (
					"$(inherited)",
					"@executable_path/Frameworks",
				);
				MARKETING_VERSION = 1.0;
				PRODUCT_BUNDLE_IDENTIFIER = adilmaks.NewApp2;
				PRODUCT_NAME = "$(TARGET_NAME)";
				SWIFT_EMIT_LOC_STRINGS = YES;
				SWIFT_VERSION = 5.0;
				TARGETED_DEVICE_FAMILY = "1,2";
			};
			name = Debug;
		};
		E674BE572C21CA5700DD23F6 /* Release */ = {
			isa = XCBuildConfiguration;
			buildSettings = {
				ASSETCATALOG_COMPILER_APPICON_NAME = AppIcon;
				ASSETCATALOG_COMPILER_GLOBAL_ACCENT_COLOR_NAME = AccentColor;
				CODE_SIGN_STYLE = Automatic;
				CURRENT_PROJECT_VERSION = 1;
				DEVELOPMENT_ASSET_PATHS = "\"NewApp2/Preview Content\"";
				ENABLE_PREVIEWS = YES;
				GENERATE_INFOPLIST_FILE = YES;
				INFOPLIST_KEY_UIApplicationSceneManifest_Generation = YES;
				INFOPLIST_KEY_UIApplicationSupportsIndirectInputEvents = YES;
				INFOPLIST_KEY_UILaunchScreen_Generation = YES;
				INFOPLIST_KEY_UISupportedInterfaceOrientations_iPad = "UIInterfaceOrientationPortrait UIInterfaceOrientationPortraitUpsideDown UIInterfaceOrientationLandscapeLeft UIInterfaceOrientationLandscapeRight";
				INFOPLIST_KEY_UISupportedInterfaceOrientations_iPhone = "UIInterfaceOrientationPortrait UIInterfaceOrientationLandscapeLeft UIInterfaceOrientationLandscapeRight";
				LD_RUNPATH_SEARCH_PATHS = (
					"$(inherited)",
					"@executable_path/Frameworks",
				);
				MARKETING_VERSION = 1.0;
				PRODUCT_BUNDLE_IDENTIFIER = adilmaks.NewApp2;
				PRODUCT_NAME = "$(TARGET_NAME)";
				SWIFT_EMIT_LOC_STRINGS = YES;
				SWIFT_VERSION = 5.0;
				TARGETED_DEVICE_FAMILY = "1,2";
			};
			name = Release;
		};
		E674BE592C21CA5700DD23F6 /* Debug */ = {
			isa = XCBuildConfiguration;
			buildSettings = {
				ALWAYS_EMBED_SWIFT_STANDARD_LIBRARIES = YES;
				BUNDLE_LOADER = "$(TEST_HOST)";
				CODE_SIGN_STYLE = Automatic;
				CURRENT_PROJECT_VERSION = 1;
				GENERATE_INFOPLIST_FILE = YES;
				IPHONEOS_DEPLOYMENT_TARGET = 17.5;
				MARKETING_VERSION = 1.0;
				PRODUCT_BUNDLE_IDENTIFIER = adilmaks.NewApp2Tests;
				PRODUCT_NAME = "$(TARGET_NAME)";
				SWIFT_EMIT_LOC_STRINGS = NO;
				SWIFT_VERSION = 5.0;
				TARGETED_DEVICE_FAMILY = "1,2";
				TEST_HOST = "$(BUILT_PRODUCTS_DIR)/NewApp2.app/$(BUNDLE_EXECUTABLE_FOLDER_PATH)/NewApp2";
			};
			name = Debug;
		};
		E674BE5A2C21CA5700DD23F6 /* Release */ = {
			isa = XCBuildConfiguration;
			buildSettings = {
				ALWAYS_EMBED_SWIFT_STANDARD_LIBRARIES = YES;
				BUNDLE_LOADER = "$(TEST_HOST)";
				CODE_SIGN_STYLE = Automatic;
				CURRENT_PROJECT_VERSION = 1;
				GENERATE_INFOPLIST_FILE = YES;
				IPHONEOS_DEPLOYMENT_TARGET = 17.5;
				MARKETING_VERSION = 1.0;
				PRODUCT_BUNDLE_IDENTIFIER = adilmaks.NewApp2Tests;
				PRODUCT_NAME = "$(TARGET_NAME)";
				SWIFT_EMIT_LOC_STRINGS = NO;
				SWIFT_VERSION = 5.0;
				TARGETED_DEVICE_FAMILY = "1,2";
				TEST_HOST = "$(BUILT_PRODUCTS_DIR)/NewApp2.app/$(BUNDLE_EXECUTABLE_FOLDER_PATH)/NewApp2";
			};
			name = Release;
		};
		E674BE5C2C21CA5700DD23F6 /* Debug */ = {
			isa = XCBuildConfiguration;
			buildSettings = {
				ALWAYS_EMBED_SWIFT_STANDARD_LIBRARIES = YES;
				CODE_SIGN_STYLE = Automatic;
				CURRENT_PROJECT_VERSION = 1;
				GENERATE_INFOPLIST_FILE = YES;
				MARKETING_VERSION = 1.0;
				PRODUCT_BUNDLE_IDENTIFIER = adilmaks.NewApp2UITests;
				PRODUCT_NAME = "$(TARGET_NAME)";
				SWIFT_EMIT_LOC_STRINGS = NO;
				SWIFT_VERSION = 5.0;
				TARGETED_DEVICE_FAMILY = "1,2";
				TEST_TARGET_NAME = NewApp2;
			};
			name = Debug;
		};
		E674BE5D2C21CA5700DD23F6 /* Release */ = {
			isa = XCBuildConfiguration;
			buildSettings = {
				ALWAYS_EMBED_SWIFT_STANDARD_LIBRARIES = YES;
				CODE_SIGN_STYLE = Automatic;
				CURRENT_PROJECT_VERSION = 1;
				GENERATE_INFOPLIST_FILE = YES;
				MARKETING_VERSION = 1.0;
				PRODUCT_BUNDLE_IDENTIFIER = adilmaks.NewApp2UITests;
				PRODUCT_NAME = "$(TARGET_NAME)";
				SWIFT_EMIT_LOC_STRINGS = NO;
				SWIFT_VERSION = 5.0;
				TARGETED_DEVICE_FAMILY = "1,2";
				TEST_TARGET_NAME = NewApp2;
			};
			name = Release;
		};
/* End XCBuildConfiguration section */

/* Begin XCConfigurationList section */
		E674BE2C2C21CA5500DD23F6 /* Build configuration list for PBXProject "NewApp2" */ = {
			isa = XCConfigurationList;
			buildConfigurations = (
				E674BE532C21CA5700DD23F6 /* Debug */,
				E674BE542C21CA5700DD23F6 /* Release */,
			);
			defaultConfigurationIsVisible = 0;
			defaultConfigurationName = Release;
		};
		E674BE552C21CA5700DD23F6 /* Build configuration list for PBXNativeTarget "NewApp2" */ = {
			isa = XCConfigurationList;
			buildConfigurations = (
				E674BE562C21CA5700DD23F6 /* Debug */,
				E674BE572C21CA5700DD23F6 /* Release */,
			);
			defaultConfigurationIsVisible = 0;
			defaultConfigurationName = Release;
		};
		E674BE582C21CA5700DD23F6 /* Build configuration list for PBXNativeTarget "NewApp2Tests" */ = {
			isa = XCConfigurationList;
			buildConfigurations = (
				E674BE592C21CA5700DD23F6 /* Debug */,
				E674BE5A2C21CA5700DD23F6 /* Release */,
			);
			defaultConfigurationIsVisible = 0;
			defaultConfigurationName = Release;
		};
		E674BE5B2C21CA5700DD23F6 /* Build configuration list for PBXNativeTarget "NewApp2UITests" */ = {
			isa = XCConfigurationList;
			buildConfigurations = (
				E674BE5C2C21CA5700DD23F6 /* Debug */,
				E674BE5D2C21CA5700DD23F6 /* Release */,
			);
			defaultConfigurationIsVisible = 0;
			defaultConfigurationName = Release;
		};
/* End XCConfigurationList section */
	};
	rootObject = E674BE292C21CA5500DD23F6 /* Project object */;
}
